
Microsoft Visual Studio Solution File, Format Version 12.00
# Visual Studio Version 17
VisualStudioVersion = 17.6.33815.320
MinimumVisualStudioVersion = 10.0.40219.1
Project("{FAE04EC0-301F-11D3-BF4B-00C04F79EFBC}") = "WebApplication9", "WebApplication9\WebApplication9.csproj", "{913E4FA0-DD81-47D8-B2EA-04D9CD3B688E}"
EndProject
Global
	GlobalSection(SolutionConfigurationPlatforms) = preSolution
		Debug|Any CPU = Debug|Any CPU
		Release|Any CPU = Release|Any CPU
	EndGlobalSection
	GlobalSection(ProjectConfigurationPlatforms) = postSolution
		{913E4FA0-DD81-47D8-B2EA-04D9CD3B688E}.Debug|Any CPU.ActiveCfg = Debug|Any CPU
		{913E4FA0-DD81-47D8-B2EA-04D9CD3B688E}.Debug|Any CPU.Build.0 = Debug|Any CPU
		{913E4FA0-DD81-47D8-B2EA-04D9CD3B688E}.Release|Any CPU.ActiveCfg = Release|Any CPU
		{913E4FA0-DD81-47D8-B2EA-04D9CD3B688E}.Release|Any CPU.Build.0 = Release|Any CPU
	EndGlobalSection
	GlobalSection(SolutionProperties) = preSolution
		HideSolutionNode = FALSE
	EndGlobalSection
	GlobalSection(ExtensibilityGlobals) = postSolution
		SolutionGuid = {7378F512-9565-482F-97BC-5AF0A1795BEF}
	EndGlobalSection
EndGlobal
